// !$*UTF8*$!
{
	archiveVersion = 1;
	classes = {
	};
	objectVersion = 50;
	objects = {

/* Begin PBXBuildFile section */
		D776C4372777673F0018D82B /* AppDelegate.swift in Sources */ = {isa = PBXBuildFile; fileRef = D776C4362777673F0018D82B /* AppDelegate.swift */; };
		D776C4392777673F0018D82B /* SceneDelegate.swift in Sources */ = {isa = PBXBuildFile; fileRef = D776C4382777673F0018D82B /* SceneDelegate.swift */; };
		D776C43B2777673F0018D82B /* ViewController.swift in Sources */ = {isa = PBXBuildFile; fileRef = D776C43A2777673F0018D82B /* ViewController.swift */; };
		D776C43E2777673F0018D82B /* Main.storyboard in Resources */ = {isa = PBXBuildFile; fileRef = D776C43C2777673F0018D82B /* Main.storyboard */; };
		D776C440277767420018D82B /* Assets.xcassets in Resources */ = {isa = PBXBuildFile; fileRef = D776C43F277767420018D82B /* Assets.xcassets */; };
		D776C443277767420018D82B /* LaunchScreen.storyboard in Resources */ = {isa = PBXBuildFile; fileRef = D776C441277767420018D82B /* LaunchScreen.storyboard */; };
		D776C44E277767430018D82B /* AVFoundation_CameraAppTests.swift in Sources */ = {isa = PBXBuildFile; fileRef = D776C44D277767430018D82B /* AVFoundation_CameraAppTests.swift */; };
		D776C459277767430018D82B /* AVFoundation_CameraAppUITests.swift in Sources */ = {isa = PBXBuildFile; fileRef = D776C458277767430018D82B /* AVFoundation_CameraAppUITests.swift */; };
		D776C467277767B40018D82B /* VideoCapture.swift in Sources */ = {isa = PBXBuildFile; fileRef = D776C466277767B40018D82B /* VideoCapture.swift */; };
/* End PBXBuildFile section */

/* Begin PBXContainerItemProxy section */
		D776C44A277767430018D82B /* PBXContainerItemProxy */ = {
			isa = PBXContainerItemProxy;
			containerPortal = D776C42B2777673F0018D82B /* Project object */;
			proxyType = 1;
			remoteGlobalIDString = D776C4322777673F0018D82B;
			remoteInfo = "AVFoundation+CameraApp";
		};
		D776C455277767430018D82B /* PBXContainerItemProxy */ = {
			isa = PBXContainerItemProxy;
			containerPortal = D776C42B2777673F0018D82B /* Project object */;
			proxyType = 1;
			remoteGlobalIDString = D776C4322777673F0018D82B;
			remoteInfo = "AVFoundation+CameraApp";
		};
/* End PBXContainerItemProxy section */

/* Begin PBXFileReference section */
		D776C4332777673F0018D82B /* AVFoundation+CameraApp.app */ = {isa = PBXFileReference; explicitFileType = wrapper.application; includeInIndex = 0; path = "AVFoundation+CameraApp.app"; sourceTree = BUILT_PRODUCTS_DIR; };
		D776C4362777673F0018D82B /* AppDelegate.swift */ = {isa = PBXFileReference; lastKnownFileType = sourcecode.swift; path = AppDelegate.swift; sourceTree = "<group>"; };
		D776C4382777673F0018D82B /* SceneDelegate.swift */ = {isa = PBXFileReference; lastKnownFileType = sourcecode.swift; path = SceneDelegate.swift; sourceTree = "<group>"; };
		D776C43A2777673F0018D82B /* ViewController.swift */ = {isa = PBXFileReference; lastKnownFileType = sourcecode.swift; path = ViewController.swift; sourceTree = "<group>"; };
		D776C43D2777673F0018D82B /* Base */ = {isa = PBXFileReference; lastKnownFileType = file.storyboard; name = Base; path = Base.lproj/Main.storyboard; sourceTree = "<group>"; };
		D776C43F277767420018D82B /* Assets.xcassets */ = {isa = PBXFileReference; lastKnownFileType = folder.assetcatalog; path = Assets.xcassets; sourceTree = "<group>"; };
		D776C442277767420018D82B /* Base */ = {isa = PBXFileReference; lastKnownFileType = file.storyboard; name = Base; path = Base.lproj/LaunchScreen.storyboard; sourceTree = "<group>"; };
		D776C444277767420018D82B /* Info.plist */ = {isa = PBXFileReference; lastKnownFileType = text.plist.xml; path = Info.plist; sourceTree = "<group>"; };
		D776C449277767430018D82B /* AVFoundation+CameraAppTests.xctest */ = {isa = PBXFileReference; explicitFileType = wrapper.cfbundle; includeInIndex = 0; path = "AVFoundation+CameraAppTests.xctest"; sourceTree = BUILT_PRODUCTS_DIR; };
		D776C44D277767430018D82B /* AVFoundation_CameraAppTests.swift */ = {isa = PBXFileReference; lastKnownFileType = sourcecode.swift; path = AVFoundation_CameraAppTests.swift; sourceTree = "<group>"; };
		D776C44F277767430018D82B /* Info.plist */ = {isa = PBXFileReference; lastKnownFileType = text.plist.xml; path = Info.plist; sourceTree = "<group>"; };
		D776C454277767430018D82B /* AVFoundation+CameraAppUITests.xctest */ = {isa = PBXFileReference; explicitFileType = wrapper.cfbundle; includeInIndex = 0; path = "AVFoundation+CameraAppUITests.xctest"; sourceTree = BUILT_PRODUCTS_DIR; };
		D776C458277767430018D82B /* AVFoundation_CameraAppUITests.swift */ = {isa = PBXFileReference; lastKnownFileType = sourcecode.swift; path = AVFoundation_CameraAppUITests.swift; sourceTree = "<group>"; };
		D776C45A277767430018D82B /* Info.plist */ = {isa = PBXFileReference; lastKnownFileType = text.plist.xml; path = Info.plist; sourceTree = "<group>"; };
		D776C466277767B40018D82B /* VideoCapture.swift */ = {isa = PBXFileReference; lastKnownFileType = sourcecode.swift; path = VideoCapture.swift; sourceTree = "<group>"; };
/* End PBXFileReference section */

/* Begin PBXFrameworksBuildPhase section */
		D776C4302777673F0018D82B /* Frameworks */ = {
			isa = PBXFrameworksBuildPhase;
			buildActionMask = 2147483647;
			files = (
			);
			runOnlyForDeploymentPostprocessing = 0;
		};
		D776C446277767430018D82B /* Frameworks */ = {
			isa = PBXFrameworksBuildPhase;
			buildActionMask = 2147483647;
			files = (
			);
			runOnlyForDeploymentPostprocessing = 0;
		};
		D776C451277767430018D82B /* Frameworks */ = {
			isa = PBXFrameworksBuildPhase;
			buildActionMask = 2147483647;
			files = (
			);
			runOnlyForDeploymentPostprocessing = 0;
		};
/* End PBXFrameworksBuildPhase section */

/* Begin PBXGroup section */
		D776C42A2777673F0018D82B = {
			isa = PBXGroup;
			children = (
				D776C4352777673F0018D82B /* AVFoundation+CameraApp */,
				D776C44C277767430018D82B /* AVFoundation+CameraAppTests */,
				D776C457277767430018D82B /* AVFoundation+CameraAppUITests */,
				D776C4342777673F0018D82B /* Products */,
			);
			sourceTree = "<group>";
		};
		D776C4342777673F0018D82B /* Products */ = {
			isa = PBXGroup;
			children = (
				D776C4332777673F0018D82B /* AVFoundation+CameraApp.app */,
				D776C449277767430018D82B /* AVFoundation+CameraAppTests.xctest */,
				D776C454277767430018D82B /* AVFoundation+CameraAppUITests.xctest */,
			);
			name = Products;
			sourceTree = "<group>";
		};
		D776C4352777673F0018D82B /* AVFoundation+CameraApp */ = {
			isa = PBXGroup;
			children = (
				D776C4362777673F0018D82B /* AppDelegate.swift */,
				D776C4382777673F0018D82B /* SceneDelegate.swift */,
				D776C43A2777673F0018D82B /* ViewController.swift */,
				D776C43C2777673F0018D82B /* Main.storyboard */,
				D776C43F277767420018D82B /* Assets.xcassets */,
				D776C441277767420018D82B /* LaunchScreen.storyboard */,
				D776C444277767420018D82B /* Info.plist */,
				D776C466277767B40018D82B /* VideoCapture.swift */,
			);
			path = "AVFoundation+CameraApp";
			sourceTree = "<group>";
		};
		D776C44C277767430018D82B /* AVFoundation+CameraAppTests */ = {
			isa = PBXGroup;
			children = (
				D776C44D277767430018D82B /* AVFoundation_CameraAppTests.swift */,
				D776C44F277767430018D82B /* Info.plist */,
			);
			path = "AVFoundation+CameraAppTests";
			sourceTree = "<group>";
		};
		D776C457277767430018D82B /* AVFoundation+CameraAppUITests */ = {
			isa = PBXGroup;
			children = (
				D776C458277767430018D82B /* AVFoundation_CameraAppUITests.swift */,
				D776C45A277767430018D82B /* Info.plist */,
			);
			path = "AVFoundation+CameraAppUITests";
			sourceTree = "<group>";
		};
/* End PBXGroup section */

/* Begin PBXNativeTarget section */
		D776C4322777673F0018D82B /* AVFoundation+CameraApp */ = {
			isa = PBXNativeTarget;
			buildConfigurationList = D776C45D277767430018D82B /* Build configuration list for PBXNativeTarget "AVFoundation+CameraApp" */;
			buildPhases = (
				D776C42F2777673F0018D82B /* Sources */,
				D776C4302777673F0018D82B /* Frameworks */,
				D776C4312777673F0018D82B /* Resources */,
			);
			buildRules = (
			);
			dependencies = (
			);
			name = "AVFoundation+CameraApp";
			productName = "AVFoundation+CameraApp";
			productReference = D776C4332777673F0018D82B /* AVFoundation+CameraApp.app */;
			productType = "com.apple.product-type.application";
		};
		D776C448277767430018D82B /* AVFoundation+CameraAppTests */ = {
			isa = PBXNativeTarget;
			buildConfigurationList = D776C460277767430018D82B /* Build configuration list for PBXNativeTarget "AVFoundation+CameraAppTests" */;
			buildPhases = (
				D776C445277767430018D82B /* Sources */,
				D776C446277767430018D82B /* Frameworks */,
				D776C447277767430018D82B /* Resources */,
			);
			buildRules = (
			);
			dependencies = (
				D776C44B277767430018D82B /* PBXTargetDependency */,
			);
			name = "AVFoundation+CameraAppTests";
			productName = "AVFoundation+CameraAppTests";
			productReference = D776C449277767430018D82B /* AVFoundation+CameraAppTests.xctest */;
			productType = "com.apple.product-type.bundle.unit-test";
		};
		D776C453277767430018D82B /* AVFoundation+CameraAppUITests */ = {
			isa = PBXNativeTarget;
			buildConfigurationList = D776C463277767430018D82B /* Build configuration list for PBXNativeTarget "AVFoundation+CameraAppUITests" */;
			buildPhases = (
				D776C450277767430018D82B /* Sources */,
				D776C451277767430018D82B /* Frameworks */,
				D776C452277767430018D82B /* Resources */,
			);
			buildRules = (
			);
			dependencies = (
				D776C456277767430018D82B /* PBXTargetDependency */,
			);
			name = "AVFoundation+CameraAppUITests";
			productName = "AVFoundation+CameraAppUITests";
			productReference = D776C454277767430018D82B /* AVFoundation+CameraAppUITests.xctest */;
			productType = "com.apple.product-type.bundle.ui-testing";
		};
/* End PBXNativeTarget section */

/* Begin PBXProject section */
		D776C42B2777673F0018D82B /* Project object */ = {
			isa = PBXProject;
			attributes = {
				LastSwiftUpdateCheck = 1250;
				LastUpgradeCheck = 1250;
				TargetAttributes = {
					D776C4322777673F0018D82B = {
						CreatedOnToolsVersion = 12.5.1;
					};
					D776C448277767430018D82B = {
						CreatedOnToolsVersion = 12.5.1;
						TestTargetID = D776C4322777673F0018D82B;
					};
					D776C453277767430018D82B = {
						CreatedOnToolsVersion = 12.5.1;
						TestTargetID = D776C4322777673F0018D82B;
					};
				};
			};
			buildConfigurationList = D776C42E2777673F0018D82B /* Build configuration list for PBXProject "AVFoundation+CameraApp" */;
			compatibilityVersion = "Xcode 9.3";
			developmentRegion = en;
			hasScannedForEncodings = 0;
			knownRegions = (
				en,
				Base,
			);
			mainGroup = D776C42A2777673F0018D82B;
			productRefGroup = D776C4342777673F0018D82B /* Products */;
			projectDirPath = "";
			projectRoot = "";
			targets = (
				D776C4322777673F0018D82B /* AVFoundation+CameraApp */,
				D776C448277767430018D82B /* AVFoundation+CameraAppTests */,
				D776C453277767430018D82B /* AVFoundation+CameraAppUITests */,
			);
		};
/* End PBXProject section */

/* Begin PBXResourcesBuildPhase section */
		D776C4312777673F0018D82B /* Resources */ = {
			isa = PBXResourcesBuildPhase;
			buildActionMask = 2147483647;
			files = (
				D776C443277767420018D82B /* LaunchScreen.storyboard in Resources */,
				D776C440277767420018D82B /* Assets.xcassets in Resources */,
				D776C43E2777673F0018D82B /* Main.storyboard in Resources */,
			);
			runOnlyForDeploymentPostprocessing = 0;
		};
		D776C447277767430018D82B /* Resources */ = {
			isa = PBXResourcesBuildPhase;
			buildActionMask = 2147483647;
			files = (
			);
			runOnlyForDeploymentPostprocessing = 0;
		};
		D776C452277767430018D82B /* Resources */ = {
			isa = PBXResourcesBuildPhase;
			buildActionMask = 2147483647;
			files = (
			);
			runOnlyForDeploymentPostprocessing = 0;
		};
/* End PBXResourcesBuildPhase section */

/* Begin PBXSourcesBuildPhase section */
		D776C42F2777673F0018D82B /* Sources */ = {
			isa = PBXSourcesBuildPhase;
			buildActionMask = 2147483647;
			files = (
				D776C467277767B40018D82B /* VideoCapture.swift in Sources */,
				D776C43B2777673F0018D82B /* ViewController.swift in Sources */,
				D776C4372777673F0018D82B /* AppDelegate.swift in Sources */,
				D776C4392777673F0018D82B /* SceneDelegate.swift in Sources */,
			);
			runOnlyForDeploymentPostprocessing = 0;
		};
		D776C445277767430018D82B /* Sources */ = {
			isa = PBXSourcesBuildPhase;
			buildActionMask = 2147483647;
			files = (
				D776C44E277767430018D82B /* AVFoundation_CameraAppTests.swift in Sources */,
			);
			runOnlyForDeploymentPostprocessing = 0;
		};
		D776C450277767430018D82B /* Sources */ = {
			isa = PBXSourcesBuildPhase;
			buildActionMask = 2147483647;
			files = (
				D776C459277767430018D82B /* AVFoundation_CameraAppUITests.swift in Sources */,
			);
			runOnlyForDeploymentPostprocessing = 0;
		};
/* End PBXSourcesBuildPhase section */

/* Begin PBXTargetDependency section */
		D776C44B277767430018D82B /* PBXTargetDependency */ = {
			isa = PBXTargetDependency;
			target = D776C4322777673F0018D82B /* AVFoundation+CameraApp */;
			targetProxy = D776C44A277767430018D82B /* PBXContainerItemProxy */;
		};
		D776C456277767430018D82B /* PBXTargetDependency */ = {
			isa = PBXTargetDependency;
			target = D776C4322777673F0018D82B /* AVFoundation+CameraApp */;
			targetProxy = D776C455277767430018D82B /* PBXContainerItemProxy */;
		};
/* End PBXTargetDependency section */

/* Begin PBXVariantGroup section */
		D776C43C2777673F0018D82B /* Main.storyboard */ = {
			isa = PBXVariantGroup;
			children = (
				D776C43D2777673F0018D82B /* Base */,
			);
			name = Main.storyboard;
			sourceTree = "<group>";
		};
		D776C441277767420018D82B /* LaunchScreen.storyboard */ = {
			isa = PBXVariantGroup;
			children = (
				D776C442277767420018D82B /* Base */,
			);
			name = LaunchScreen.storyboard;
			sourceTree = "<group>";
		};
/* End PBXVariantGroup section */

/* Begin XCBuildConfiguration section */
		D776C45B277767430018D82B /* Debug */ = {
			isa = XCBuildConfiguration;
			buildSettings = {
				ALWAYS_SEARCH_USER_PATHS = NO;
				CLANG_ANALYZER_NONNULL = YES;
				CLANG_ANALYZER_NUMBER_OBJECT_CONVERSION = YES_AGGRESSIVE;
				CLANG_CXX_LANGUAGE_STANDARD = "gnu++14";
				CLANG_CXX_LIBRARY = "libc++";
				CLANG_ENABLE_MODULES = YES;
				CLANG_ENABLE_OBJC_ARC = YES;
				CLANG_ENABLE_OBJC_WEAK = YES;
				CLANG_WARN_BLOCK_CAPTURE_AUTORELEASING = YES;
				CLANG_WARN_BOOL_CONVERSION = YES;
				CLANG_WARN_COMMA = YES;
				CLANG_WARN_CONSTANT_CONVERSION = YES;
				CLANG_WARN_DEPRECATED_OBJC_IMPLEMENTATIONS = YES;
				CLANG_WARN_DIRECT_OBJC_ISA_USAGE = YES_ERROR;
				CLANG_WARN_DOCUMENTATION_COMMENTS = YES;
				CLANG_WARN_EMPTY_BODY = YES;
				CLANG_WARN_ENUM_CONVERSION = YES;
				CLANG_WARN_INFINITE_RECURSION = YES;
				CLANG_WARN_INT_CONVERSION = YES;
				CLANG_WARN_NON_LITERAL_NULL_CONVERSION = YES;
				CLANG_WARN_OBJC_IMPLICIT_RETAIN_SELF = YES;
				CLANG_WARN_OBJC_LITERAL_CONVERSION = YES;
				CLANG_WARN_OBJC_ROOT_CLASS = YES_ERROR;
				CLANG_WARN_QUOTED_INCLUDE_IN_FRAMEWORK_HEADER = YES;
				CLANG_WARN_RANGE_LOOP_ANALYSIS = YES;
				CLANG_WARN_STRICT_PROTOTYPES = YES;
				CLANG_WARN_SUSPICIOUS_MOVE = YES;
				CLANG_WARN_UNGUARDED_AVAILABILITY = YES_AGGRESSIVE;
				CLANG_WARN_UNREACHABLE_CODE = YES;
				CLANG_WARN__DUPLICATE_METHOD_MATCH = YES;
				COPY_PHASE_STRIP = NO;
				DEBUG_INFORMATION_FORMAT = dwarf;
				ENABLE_STRICT_OBJC_MSGSEND = YES;
				ENABLE_TESTABILITY = YES;
				GCC_C_LANGUAGE_STANDARD = gnu11;
				GCC_DYNAMIC_NO_PIC = NO;
				GCC_NO_COMMON_BLOCKS = YES;
				GCC_OPTIMIZATION_LEVEL = 0;
				GCC_PREPROCESSOR_DEFINITIONS = (
					"DEBUG=1",
					"$(inherited)",
				);
				GCC_WARN_64_TO_32_BIT_CONVERSION = YES;
				GCC_WARN_ABOUT_RETURN_TYPE = YES_ERROR;
				GCC_WARN_UNDECLARED_SELECTOR = YES;
				GCC_WARN_UNINITIALIZED_AUTOS = YES_AGGRESSIVE;
				GCC_WARN_UNUSED_FUNCTION = YES;
				GCC_WARN_UNUSED_VARIABLE = YES;
				IPHONEOS_DEPLOYMENT_TARGET = 14.5;
				MTL_ENABLE_DEBUG_INFO = INCLUDE_SOURCE;
				MTL_FAST_MATH = YES;
				ONLY_ACTIVE_ARCH = YES;
				SDKROOT = iphoneos;
				SWIFT_ACTIVE_COMPILATION_CONDITIONS = DEBUG;
				SWIFT_OPTIMIZATION_LEVEL = "-Onone";
			};
			name = Debug;
		};
		D776C45C277767430018D82B /* Release */ = {
			isa = XCBuildConfiguration;
			buildSettings = {
				ALWAYS_SEARCH_USER_PATHS = NO;
				CLANG_ANALYZER_NONNULL = YES;
				CLANG_ANALYZER_NUMBER_OBJECT_CONVERSION = YES_AGGRESSIVE;
				CLANG_CXX_LANGUAGE_STANDARD = "gnu++14";
				CLANG_CXX_LIBRARY = "libc++";
				CLANG_ENABLE_MODULES = YES;
				CLANG_ENABLE_OBJC_ARC = YES;
				CLANG_ENABLE_OBJC_WEAK = YES;
				CLANG_WARN_BLOCK_CAPTURE_AUTORELEASING = YES;
				CLANG_WARN_BOOL_CONVERSION = YES;
				CLANG_WARN_COMMA = YES;
				CLANG_WARN_CONSTANT_CONVERSION = YES;
				CLANG_WARN_DEPRECATED_OBJC_IMPLEMENTATIONS = YES;
				CLANG_WARN_DIRECT_OBJC_ISA_USAGE = YES_ERROR;
				CLANG_WARN_DOCUMENTATION_COMMENTS = YES;
				CLANG_WARN_EMPTY_BODY = YES;
				CLANG_WARN_ENUM_CONVERSION = YES;
				CLANG_WARN_INFINITE_RECURSION = YES;
				CLANG_WARN_INT_CONVERSION = YES;
				CLANG_WARN_NON_LITERAL_NULL_CONVERSION = YES;
				CLANG_WARN_OBJC_IMPLICIT_RETAIN_SELF = YES;
				CLANG_WARN_OBJC_LITERAL_CONVERSION = YES;
				CLANG_WARN_OBJC_ROOT_CLASS = YES_ERROR;
				CLANG_WARN_QUOTED_INCLUDE_IN_FRAMEWORK_HEADER = YES;
				CLANG_WARN_RANGE_LOOP_ANALYSIS = YES;
				CLANG_WARN_STRICT_PROTOTYPES = YES;
				CLANG_WARN_SUSPICIOUS_MOVE = YES;
				CLANG_WARN_UNGUARDED_AVAILABILITY = YES_AGGRESSIVE;
				CLANG_WARN_UNREACHABLE_CODE = YES;
				CLANG_WARN__DUPLICATE_METHOD_MATCH = YES;
				COPY_PHASE_STRIP = NO;
				DEBUG_INFORMATION_FORMAT = "dwarf-with-dsym";
				ENABLE_NS_ASSERTIONS = NO;
				ENABLE_STRICT_OBJC_MSGSEND = YES;
				GCC_C_LANGUAGE_STANDARD = gnu11;
				GCC_NO_COMMON_BLOCKS = YES;
				GCC_WARN_64_TO_32_BIT_CONVERSION = YES;
				GCC_WARN_ABOUT_RETURN_TYPE = YES_ERROR;
				GCC_WARN_UNDECLARED_SELECTOR = YES;
				GCC_WARN_UNINITIALIZED_AUTOS = YES_AGGRESSIVE;
				GCC_WARN_UNUSED_FUNCTION = YES;
				GCC_WARN_UNUSED_VARIABLE = YES;
				IPHONEOS_DEPLOYMENT_TARGET = 14.5;
				MTL_ENABLE_DEBUG_INFO = NO;
				MTL_FAST_MATH = YES;
				SDKROOT = iphoneos;
				SWIFT_COMPILATION_MODE = wholemodule;
				SWIFT_OPTIMIZATION_LEVEL = "-O";
				VALIDATE_PRODUCT = YES;
			};
			name = Release;
		};
		D776C45E277767430018D82B /* Debug */ = {
			isa = XCBuildConfiguration;
			buildSettings = {
				ASSETCATALOG_COMPILER_APPICON_NAME = AppIcon;
				ASSETCATALOG_COMPILER_GLOBAL_ACCENT_COLOR_NAME = AccentColor;
				CODE_SIGN_STYLE = Automatic;
				DEVELOPMENT_TEAM = D6LL3HL525;
				INFOPLIST_FILE = "AVFoundation+CameraApp/Info.plist";
				LD_RUNPATH_SEARCH_PATHS = (
					"$(inherited)",
					"@executable_path/Frameworks",
				);
				PRODUCT_BUNDLE_IDENTIFIER = "M.O.AVFoundation-CameraApp";
				PRODUCT_NAME = "$(TARGET_NAME)";
				SWIFT_VERSION = 5.0;
				TARGETED_DEVICE_FAMILY = "1,2";
			};
			name = Debug;
		};
		D776C45F277767430018D82B /* Release */ = {
			isa = XCBuildConfiguration;
			buildSettings = {
				ASSETCATALOG_COMPILER_APPICON_NAME = AppIcon;
				ASSETCATALOG_COMPILER_GLOBAL_ACCENT_COLOR_NAME = AccentColor;
				CODE_SIGN_STYLE = Automatic;
				DEVELOPMENT_TEAM = D6LL3HL525;
				INFOPLIST_FILE = "AVFoundation+CameraApp/Info.plist";
				LD_RUNPATH_SEARCH_PATHS = (
					"$(inherited)",
					"@executable_path/Frameworks",
				);
				PRODUCT_BUNDLE_IDENTIFIER = "M.O.AVFoundation-CameraApp";
				PRODUCT_NAME = "$(TARGET_NAME)";
				SWIFT_VERSION = 5.0;
				TARGETED_DEVICE_FAMILY = "1,2";
			};
			name = Release;
		};
		D776C461277767430018D82B /* Debug */ = {
			isa = XCBuildConfiguration;
			buildSettings = {
				ALWAYS_EMBED_SWIFT_STANDARD_LIBRARIES = YES;
				BUNDLE_LOADER = "$(TEST_HOST)";
				CODE_SIGN_STYLE = Automatic;
				DEVELOPMENT_TEAM = D6LL3HL525;
				INFOPLIST_FILE = "AVFoundation+CameraAppTests/Info.plist";
				IPHONEOS_DEPLOYMENT_TARGET = 14.5;
				LD_RUNPATH_SEARCH_PATHS = (
					"$(inherited)",
					"@executable_path/Frameworks",
					"@loader_path/Frameworks",
				);
				PRODUCT_BUNDLE_IDENTIFIER = "M.O.AVFoundation-CameraAppTests";
				PRODUCT_NAME = "$(TARGET_NAME)";
				SWIFT_VERSION = 5.0;
				TARGETED_DEVICE_FAMILY = "1,2";
				TEST_HOST = "$(BUILT_PRODUCTS_DIR)/AVFoundation+CameraApp.app/AVFoundation+CameraApp";
			};
			name = Debug;
		};
		D776C462277767430018D82B /* Release */ = {
			isa = XCBuildConfiguration;
			buildSettings = {
				ALWAYS_EMBED_SWIFT_STANDARD_LIBRARIES = YES;
				BUNDLE_LOADER = "$(TEST_HOST)";
				CODE_SIGN_STYLE = Automatic;
				DEVELOPMENT_TEAM = D6LL3HL525;
				INFOPLIST_FILE = "AVFoundation+CameraAppTests/Info.plist";
				IPHONEOS_DEPLOYMENT_TARGET = 14.5;
				LD_RUNPATH_SEARCH_PATHS = (
					"$(inherited)",
					"@executable_path/Frameworks",
					"@loader_path/Frameworks",
				);
				PRODUCT_BUNDLE_IDENTIFIER = "M.O.AVFoundation-CameraAppTests";
				PRODUCT_NAME = "$(TARGET_NAME)";
				SWIFT_VERSION = 5.0;
				TARGETED_DEVICE_FAMILY = "1,2";
				TEST_HOST = "$(BUILT_PRODUCTS_DIR)/AVFoundation+CameraApp.app/AVFoundation+CameraApp";
			};
			name = Release;
		};
		D776C464277767430018D82B /* Debug */ = {
			isa = XCBuildConfiguration;
			buildSettings = {
				ALWAYS_EMBED_SWIFT_STANDARD_LIBRARIES = YES;
				CODE_SIGN_STYLE = Automatic;
				DEVELOPMENT_TEAM = D6LL3HL525;
				INFOPLIST_FILE = "AVFoundation+CameraAppUITests/Info.plist";
				LD_RUNPATH_SEARCH_PATHS = (
					"$(inherited)",
					"@executable_path/Frameworks",
					"@loader_path/Frameworks",
				);
				PRODUCT_BUNDLE_IDENTIFIER = "M.O.AVFoundation-CameraAppUITests";
				PRODUCT_NAME = "$(TARGET_NAME)";
				SWIFT_VERSION = 5.0;
				TARGETED_DEVICE_FAMILY = "1,2";
				TEST_TARGET_NAME = "AVFoundation+CameraApp";
			};
			name = Debug;
		};
		D776C465277767430018D82B /* Release */ = {
			isa = XCBuildConfiguration;
			buildSettings = {
				ALWAYS_EMBED_SWIFT_STANDARD_LIBRARIES = YES;
				CODE_SIGN_STYLE = Automatic;
				DEVELOPMENT_TEAM = D6LL3HL525;
				INFOPLIST_FILE = "AVFoundation+CameraAppUITests/Info.plist";
				LD_RUNPATH_SEARCH_PATHS = (
					"$(inherited)",
					"@executable_path/Frameworks",
					"@loader_path/Frameworks",
				);
				PRODUCT_BUNDLE_IDENTIFIER = "M.O.AVFoundation-CameraAppUITests";
				PRODUCT_NAME = "$(TARGET_NAME)";
				SWIFT_VERSION = 5.0;
				TARGETED_DEVICE_FAMILY = "1,2";
				TEST_TARGET_NAME = "AVFoundation+CameraApp";
			};
			name = Release;
		};
/* End XCBuildConfiguration section */

/* Begin XCConfigurationList section */
		D776C42E2777673F0018D82B /* Build configuration list for PBXProject "AVFoundation+CameraApp" */ = {
			isa = XCConfigurationList;
			buildConfigurations = (
				D776C45B277767430018D82B /* Debug */,
				D776C45C277767430018D82B /* Release */,
			);
			defaultConfigurationIsVisible = 0;
			defaultConfigurationName = Release;
		};
		D776C45D277767430018D82B /* Build configuration list for PBXNativeTarget "AVFoundation+CameraApp" */ = {
			isa = XCConfigurationList;
			buildConfigurations = (
				D776C45E277767430018D82B /* Debug */,
				D776C45F277767430018D82B /* Release */,
			);
			defaultConfigurationIsVisible = 0;
			defaultConfigurationName = Release;
		};
		D776C460277767430018D82B /* Build configuration list for PBXNativeTarget "AVFoundation+CameraAppTests" */ = {
			isa = XCConfigurationList;
			buildConfigurations = (
				D776C461277767430018D82B /* Debug */,
				D776C462277767430018D82B /* Release */,
			);
			defaultConfigurationIsVisible = 0;
			defaultConfigurationName = Release;
		};
		D776C463277767430018D82B /* Build configuration list for PBXNativeTarget "AVFoundation+CameraAppUITests" */ = {
			isa = XCConfigurationList;
			buildConfigurations = (
				D776C464277767430018D82B /* Debug */,
				D776C465277767430018D82B /* Release */,
			);
			defaultConfigurationIsVisible = 0;
			defaultConfigurationName = Release;
		};
/* End XCConfigurationList section */
	};
	rootObject = D776C42B2777673F0018D82B /* Project object */;
}
